
Microsoft Visual Studio Solution File, Format Version 12.00
# Visual Studio Version 17
VisualStudioVersion = 17.1.32421.90
MinimumVisualStudioVersion = 10.0.40219.1
Project("{9A19103F-16F7-4668-BE54-9A1E7A4F7556}") = "SnippetManagement", "SnippetManagement\SnippetManagement.csproj", "{71AAB48A-1ABD-445E-9005-AF63F5E5B7C0}"
EndProject
Project("{2150E333-8FDC-42A3-9474-1A3956D46DE8}") = "Core", "Core", "{C03AD4A1-7C3E-461E-90EE-31C0FFE9AEE0}"
EndProject
Project("{2150E333-8FDC-42A3-9474-1A3956D46DE8}") = "Infrastructure", "Infrastructure", "{812019B3-ED26-457E-9B45-D8CC50B81B38}"
EndProject
Project("{9A19103F-16F7-4668-BE54-9A1E7A4F7556}") = "Core.Domain", "Core.Domain\Core.Domain.csproj", "{D72FB328-8ACA-43B1-8E4D-2B00675F74F4}"
EndProject
Project("{9A19103F-16F7-4668-BE54-9A1E7A4F7556}") = "Core.Application", "Core.Application\Core.Application.csproj", "{DF88144F-3310-4411-9B24-FE3288C1343D}"
EndProject
Project("{9A19103F-16F7-4668-BE54-9A1E7A4F7556}") = "Infrastructure.Identity", "Infrastructure.Identity\Infrastructure.Identity.csproj", "{08076AE6-722B-4557-B7D5-06497075B44B}"
EndProject
Project("{9A19103F-16F7-4668-BE54-9A1E7A4F7556}") = "Infrastructure.Persistence", "Infrastructure.Persistence\Infrastructure.Persistence.csproj", "{2662CC2B-BA27-46D7-9F1D-5B5C541781DF}"
EndProject
Project("{9A19103F-16F7-4668-BE54-9A1E7A4F7556}") = "Infrastructure.Shared", "Infrastructure.Shared\Infrastructure.Shared.csproj", "{B053BAD2-D674-4487-BA9C-16F4852B9E33}"
EndProject
Global
	GlobalSection(SolutionConfigurationPlatforms) = preSolution
		Debug|Any CPU = Debug|Any CPU
		Release|Any CPU = Release|Any CPU
	EndGlobalSection
	GlobalSection(ProjectConfigurationPlatforms) = postSolution
		{71AAB48A-1ABD-445E-9005-AF63F5E5B7C0}.Debug|Any CPU.ActiveCfg = Debug|Any CPU
		{71AAB48A-1ABD-445E-9005-AF63F5E5B7C0}.Debug|Any CPU.Build.0 = Debug|Any CPU
		{71AAB48A-1ABD-445E-9005-AF63F5E5B7C0}.Release|Any CPU.ActiveCfg = Release|Any CPU
		{71AAB48A-1ABD-445E-9005-AF63F5E5B7C0}.Release|Any CPU.Build.0 = Release|Any CPU
		{D72FB328-8ACA-43B1-8E4D-2B00675F74F4}.Debug|Any CPU.ActiveCfg = Debug|Any CPU
		{D72FB328-8ACA-43B1-8E4D-2B00675F74F4}.Debug|Any CPU.Build.0 = Debug|Any CPU
		{D72FB328-8ACA-43B1-8E4D-2B00675F74F4}.Release|Any CPU.ActiveCfg = Release|Any CPU
		{D72FB328-8ACA-43B1-8E4D-2B00675F74F4}.Release|Any CPU.Build.0 = Release|Any CPU
		{DF88144F-3310-4411-9B24-FE3288C1343D}.Debug|Any CPU.ActiveCfg = Debug|Any CPU
		{DF88144F-3310-4411-9B24-FE3288C1343D}.Debug|Any CPU.Build.0 = Debug|Any CPU
		{DF88144F-3310-4411-9B24-FE3288C1343D}.Release|Any CPU.ActiveCfg = Release|Any CPU
		{DF88144F-3310-4411-9B24-FE3288C1343D}.Release|Any CPU.Build.0 = Release|Any CPU
		{08076AE6-722B-4557-B7D5-06497075B44B}.Debug|Any CPU.ActiveCfg = Debug|Any CPU
		{08076AE6-722B-4557-B7D5-06497075B44B}.Debug|Any CPU.Build.0 = Debug|Any CPU
		{08076AE6-722B-4557-B7D5-06497075B44B}.Release|Any CPU.ActiveCfg = Release|Any CPU
		{08076AE6-722B-4557-B7D5-06497075B44B}.Release|Any CPU.Build.0 = Release|Any CPU
		{2662CC2B-BA27-46D7-9F1D-5B5C541781DF}.Debug|Any CPU.ActiveCfg = Debug|Any CPU
		{2662CC2B-BA27-46D7-9F1D-5B5C541781DF}.Debug|Any CPU.Build.0 = Debug|Any CPU
		{2662CC2B-BA27-46D7-9F1D-5B5C541781DF}.Release|Any CPU.ActiveCfg = Release|Any CPU
		{2662CC2B-BA27-46D7-9F1D-5B5C541781DF}.Release|Any CPU.Build.0 = Release|Any CPU
		{B053BAD2-D674-4487-BA9C-16F4852B9E33}.Debug|Any CPU.ActiveCfg = Debug|Any CPU
		{B053BAD2-D674-4487-BA9C-16F4852B9E33}.Debug|Any CPU.Build.0 = Debug|Any CPU
		{B053BAD2-D674-4487-BA9C-16F4852B9E33}.Release|Any CPU.ActiveCfg = Release|Any CPU
		{B053BAD2-D674-4487-BA9C-16F4852B9E33}.Release|Any CPU.Build.0 = Release|Any CPU
	EndGlobalSection
	GlobalSection(SolutionProperties) = preSolution
		HideSolutionNode = FALSE
	EndGlobalSection
	GlobalSection(NestedProjects) = preSolution
		{D72FB328-8ACA-43B1-8E4D-2B00675F74F4} = {C03AD4A1-7C3E-461E-90EE-31C0FFE9AEE0}
		{DF88144F-3310-4411-9B24-FE3288C1343D} = {C03AD4A1-7C3E-461E-90EE-31C0FFE9AEE0}
		{08076AE6-722B-4557-B7D5-06497075B44B} = {812019B3-ED26-457E-9B45-D8CC50B81B38}
		{2662CC2B-BA27-46D7-9F1D-5B5C541781DF} = {812019B3-ED26-457E-9B45-D8CC50B81B38}
		{B053BAD2-D674-4487-BA9C-16F4852B9E33} = {812019B3-ED26-457E-9B45-D8CC50B81B38}
	EndGlobalSection
	GlobalSection(ExtensibilityGlobals) = postSolution
		SolutionGuid = {7697BFCF-9F38-4A1F-9DB1-062F3035397B}
	EndGlobalSection
EndGlobal
